{
  "name": "react-native-markdown-view",
  "version": "1.1.4",
  "lockfileVersion": 1,
  "requires": true,
  "dependencies": {
    "flow-bin": {
      "version": "0.36.0",
      "resolved": "https://registry.npmjs.org/flow-bin/-/flow-bin-0.36.0.tgz",
      "integrity": "sha1-VXkHvZwqsGcM+tnn6QanSwYx45o=",
      "dev": true
    },
    "js-tokens": {
      "version": "3.0.2",
      "resolved": "https://registry.npmjs.org/js-tokens/-/js-tokens-3.0.2.tgz",
      "integrity": "sha1-mGbfOVECEw449/mWvOtlRDIJwls="
    },
    "loose-envify": {
      "version": "1.3.1",
      "resolved": "https://registry.npmjs.org/loose-envify/-/loose-envify-1.3.1.tgz",
      "integrity": "sha1-0aitM/qc4OcT1l/dCsi3SNR4yEg=",
      "requires": {
        "js-tokens": "^3.0.0"
      }
    },
    "object-assign": {
      "version": "4.1.1",
      "resolved": "https://registry.npmjs.org/object-assign/-/object-assign-4.1.1.tgz",
      "integrity": "sha1-IQmtx5ZYh8/AXLvUQsrIv7s2CGM="
    },
    "prop-types": {
      "version": "15.6.2",
      "resolved": "https://registry.npmjs.org/prop-types/-/prop-types-15.6.2.tgz",
      "integrity": "sha512-3pboPvLiWD7dkI3qf3KbUe6hKFKa52w+AE0VCqECtf+QHAKgOL37tTaNCnuX1nAAQ4ZhyP+kYVKf8rLmJ/feDQ==",
      "requires": {
        "loose-envify": "^1.3.1",
        "object-assign": "^4.1.1"
      }
    },
    "react-native-tabular-grid-markdown-view": {
      "version": "0.1.0",
      "resolved": "https://registry.npmjs.org/react-native-tabular-grid-markdown-view/-/react-native-tabular-grid-markdown-view-0.1.0.tgz",
      "integrity": "sha512-K1WzwmwR53sOUpekEgBv4fN8wDVqsniJAda+FUp6hVXhRQwzj2CZDIuY1skFo/IkVlF/iyrKa1TeTHEba0aHFA==",
      "requires": {
        "prop-types": "^15.5.10"
      }
    },
    "simple-markdown": {
      "version": "0.3.3",
      "resolved": "https://registry.npmjs.org/simple-markdown/-/simple-markdown-0.3.3.tgz",
      "integrity": "sha512-2qx5eXuRP/2pH+I/EQYVzZ/XgGHg2IAHEfIZkrPbtfiOkSkd4Q1mswE7LG77I+TDz2eb2Vx2K/v/Ul0llFhplg=="
    }
  }
}
